Microsoft Visual Studio Solution File, Format Version 12.00
# Visual Studio 14
VisualStudioVersion = 14.0.25420.1
MinimumVisualStudioVersion = 10.0.40219.1
Project("{2150E333-8FDC-42A3-9474-1A3956D46DE8}") = "BranchPresets", "BranchPresets", "{577C5FED-466E-4DE8-ADA0-151749EEC9D2}"
EndProject
Project("{FAE04EC0-301F-11D3-BF4B-00C04F79EFBC}") = "ZacharyKniebel.Feature.BranchPresets", "src\Feature\BranchPresets\code\ZacharyKniebel.Feature.BranchPresets.csproj", "{6A768180-493C-4985-8615-80AC3EEED5CC}"
EndProject
Project("{2150E333-8FDC-42A3-9474-1A3956D46DE8}") = "SitecoreExtensions", "SitecoreExtensions", "{1FFCDB0D-DA82-4A0A-A7CE-27B3531B80F0}"
EndProject
Project("{FAE04EC0-301F-11D3-BF4B-00C04F79EFBC}") = "ZacharyKniebel.Foundation.SitecoreExtensions", "src\Foundation\SitecoreExtensions\code\ZacharyKniebel.Foundation.SitecoreExtensions.csproj", "{0EA9B4DD-9B2C-4339-B853-C3CEEFB0559D}"
EndProject
Project("{2150E333-8FDC-42A3-9474-1A3956D46DE8}") = "Rules", "Rules", "{43CFB74C-5CA9-473A-9607-EEBBF20FBA07}"
EndProject
Project("{FAE04EC0-301F-11D3-BF4B-00C04F79EFBC}") = "ZacharyKniebel.Foundation.Rules", "src\Foundation\Rules\code\ZacharyKniebel.Foundation.Rules.csproj", "{4AC38CF2-A8C0-4BED-AC8F-1C69FCB90B5A}"
EndProject
Project("{2150E333-8FDC-42A3-9474-1A3956D46DE8}") = "1. Project", "1. Project", "{C45D50BF-A123-48CE-A28E-26A45E7B6278}"
EndProject
Project("{2150E333-8FDC-42A3-9474-1A3956D46DE8}") = "2. Feature", "2. Feature", "{6D5BCE3C-5018-45EA-A036-14BBDF145993}"
EndProject
Project("{2150E333-8FDC-42A3-9474-1A3956D46DE8}") = "3. Foundation", "3. Foundation", "{27BC413C-7404-4C11-830C-0CEC7474CF42}"
EndProject
Project("{2150E333-8FDC-42A3-9474-1A3956D46DE8}") = ".tds", ".tds", "{BCFCCCDC-07D4-487C-80EC-8B71C1122B2A}"
	ProjectSection(SolutionItems) = preProject
		TdsGlobal.config = TdsGlobal.config
	EndProjectSection
EndProject
Project("{2150E333-8FDC-42A3-9474-1A3956D46DE8}") = "AuthoringGovernance", "AuthoringGovernance", "{7FEE065F-C309-4E41-A9DD-62F257BAC12E}"
EndProject
Project("{CAA73BB0-EF22-4D79-A57E-DF67B3BA9C80}") = "ZacharyKniebel.Feature.BranchPresets.TDS.Master", "src\Feature\BranchPresets\tds\ZacharyKniebel.Feature.BranchPresets.TDS.Master.scproj", "{743DA3D4-57D6-4C35-A332-B65B91541D0B}"
EndProject
Project("{CAA73BB0-EF22-4D79-A57E-DF67B3BA9C80}") = "ZacharyKniebel.Feature.AuthoringGovernance.TDS.Master", "src\Feature\AuthoringGovernance\tds\ZacharyKniebel.Feature.AuthoringGovernance.TDS.Master.scproj", "{4213C343-97B9-4488-8CDA-1FC35BF4A57E}"
EndProject
Project("{CAA73BB0-EF22-4D79-A57E-DF67B3BA9C80}") = "ZacharyKniebel.Foundation.Rules.TDS.Master", "src\Foundation\Rules\tds\ZacharyKniebel.Foundation.Rules.TDS.Master.scproj", "{96B9CC56-E414-47B8-8999-560218EA1E1A}"
EndProject
Global
	GlobalSection(SolutionConfigurationPlatforms) = preSolution
		always|Any CPU = always|Any CPU
		always|x64 = always|x64
		ci|Any CPU = ci|Any CPU
		ci|x64 = ci|x64
		Debug|Any CPU = Debug|Any CPU
		Debug|x64 = Debug|x64
		Release|Any CPU = Release|Any CPU
		Release|x64 = Release|x64
	EndGlobalSection
	GlobalSection(ProjectConfigurationPlatforms) = postSolution
		{6A768180-493C-4985-8615-80AC3EEED5CC}.always|Any CPU.ActiveCfg = always|Any CPU
		{6A768180-493C-4985-8615-80AC3EEED5CC}.always|Any CPU.Build.0 = always|Any CPU
		{6A768180-493C-4985-8615-80AC3EEED5CC}.always|x64.ActiveCfg = always|x64
		{6A768180-493C-4985-8615-80AC3EEED5CC}.always|x64.Build.0 = always|x64
		{6A768180-493C-4985-8615-80AC3EEED5CC}.ci|Any CPU.ActiveCfg = ci|Any CPU
		{6A768180-493C-4985-8615-80AC3EEED5CC}.ci|Any CPU.Build.0 = ci|Any CPU
		{6A768180-493C-4985-8615-80AC3EEED5CC}.ci|x64.ActiveCfg = ci|x64
		{6A768180-493C-4985-8615-80AC3EEED5CC}.ci|x64.Build.0 = ci|x64
		{6A768180-493C-4985-8615-80AC3EEED5CC}.Debug|Any CPU.ActiveCfg = Debug|Any CPU
		{6A768180-493C-4985-8615-80AC3EEED5CC}.Debug|Any CPU.Build.0 = Debug|Any CPU
		{6A768180-493C-4985-8615-80AC3EEED5CC}.Debug|x64.ActiveCfg = Debug|x64
		{6A768180-493C-4985-8615-80AC3EEED5CC}.Debug|x64.Build.0 = Debug|x64
		{6A768180-493C-4985-8615-80AC3EEED5CC}.Release|Any CPU.ActiveCfg = Release|Any CPU
		{6A768180-493C-4985-8615-80AC3EEED5CC}.Release|Any CPU.Build.0 = Release|Any CPU
		{6A768180-493C-4985-8615-80AC3EEED5CC}.Release|x64.ActiveCfg = Release|x64
		{6A768180-493C-4985-8615-80AC3EEED5CC}.Release|x64.Build.0 = Release|x64
		{0EA9B4DD-9B2C-4339-B853-C3CEEFB0559D}.always|Any CPU.ActiveCfg = always|Any CPU
		{0EA9B4DD-9B2C-4339-B853-C3CEEFB0559D}.always|Any CPU.Build.0 = always|Any CPU
		{0EA9B4DD-9B2C-4339-B853-C3CEEFB0559D}.always|x64.ActiveCfg = always|x64
		{0EA9B4DD-9B2C-4339-B853-C3CEEFB0559D}.always|x64.Build.0 = always|x64
		{0EA9B4DD-9B2C-4339-B853-C3CEEFB0559D}.ci|Any CPU.ActiveCfg = ci|Any CPU
		{0EA9B4DD-9B2C-4339-B853-C3CEEFB0559D}.ci|Any CPU.Build.0 = ci|Any CPU
		{0EA9B4DD-9B2C-4339-B853-C3CEEFB0559D}.ci|x64.ActiveCfg = ci|x64
		{0EA9B4DD-9B2C-4339-B853-C3CEEFB0559D}.ci|x64.Build.0 = ci|x64
		{0EA9B4DD-9B2C-4339-B853-C3CEEFB0559D}.Debug|Any CPU.ActiveCfg = Debug|Any CPU
		{0EA9B4DD-9B2C-4339-B853-C3CEEFB0559D}.Debug|Any CPU.Build.0 = Debug|Any CPU
		{0EA9B4DD-9B2C-4339-B853-C3CEEFB0559D}.Debug|x64.ActiveCfg = Debug|x64
		{0EA9B4DD-9B2C-4339-B853-C3CEEFB0559D}.Debug|x64.Build.0 = Debug|x64
		{0EA9B4DD-9B2C-4339-B853-C3CEEFB0559D}.Release|Any CPU.ActiveCfg = Release|Any CPU
		{0EA9B4DD-9B2C-4339-B853-C3CEEFB0559D}.Release|Any CPU.Build.0 = Release|Any CPU
		{0EA9B4DD-9B2C-4339-B853-C3CEEFB0559D}.Release|x64.ActiveCfg = Release|x64
		{0EA9B4DD-9B2C-4339-B853-C3CEEFB0559D}.Release|x64.Build.0 = Release|x64
		{4AC38CF2-A8C0-4BED-AC8F-1C69FCB90B5A}.always|Any CPU.ActiveCfg = always|Any CPU
		{4AC38CF2-A8C0-4BED-AC8F-1C69FCB90B5A}.always|Any CPU.Build.0 = always|Any CPU
		{4AC38CF2-A8C0-4BED-AC8F-1C69FCB90B5A}.always|x64.ActiveCfg = always|x64
		{4AC38CF2-A8C0-4BED-AC8F-1C69FCB90B5A}.always|x64.Build.0 = always|x64
		{4AC38CF2-A8C0-4BED-AC8F-1C69FCB90B5A}.ci|Any CPU.ActiveCfg = ci|Any CPU
		{4AC38CF2-A8C0-4BED-AC8F-1C69FCB90B5A}.ci|Any CPU.Build.0 = ci|Any CPU
		{4AC38CF2-A8C0-4BED-AC8F-1C69FCB90B5A}.ci|x64.ActiveCfg = ci|x64
		{4AC38CF2-A8C0-4BED-AC8F-1C69FCB90B5A}.ci|x64.Build.0 = ci|x64
		{4AC38CF2-A8C0-4BED-AC8F-1C69FCB90B5A}.Debug|Any CPU.ActiveCfg = Debug|Any CPU
		{4AC38CF2-A8C0-4BED-AC8F-1C69FCB90B5A}.Debug|Any CPU.Build.0 = Debug|Any CPU
		{4AC38CF2-A8C0-4BED-AC8F-1C69FCB90B5A}.Debug|x64.ActiveCfg = Debug|x64
		{4AC38CF2-A8C0-4BED-AC8F-1C69FCB90B5A}.Debug|x64.Build.0 = Debug|x64
		{4AC38CF2-A8C0-4BED-AC8F-1C69FCB90B5A}.Release|Any CPU.ActiveCfg = Release|Any CPU
		{4AC38CF2-A8C0-4BED-AC8F-1C69FCB90B5A}.Release|Any CPU.Build.0 = Release|Any CPU
		{4AC38CF2-A8C0-4BED-AC8F-1C69FCB90B5A}.Release|x64.ActiveCfg = Release|x64
		{4AC38CF2-A8C0-4BED-AC8F-1C69FCB90B5A}.Release|x64.Build.0 = Release|x64
		{743DA3D4-57D6-4C35-A332-B65B91541D0B}.always|Any CPU.ActiveCfg = Release|Any CPU
		{743DA3D4-57D6-4C35-A332-B65B91541D0B}.always|Any CPU.Build.0 = Release|Any CPU
		{743DA3D4-57D6-4C35-A332-B65B91541D0B}.always|Any CPU.Deploy.0 = Release|Any CPU
		{743DA3D4-57D6-4C35-A332-B65B91541D0B}.always|x64.ActiveCfg = Release|Any CPU
		{743DA3D4-57D6-4C35-A332-B65B91541D0B}.always|x64.Build.0 = Release|Any CPU
		{743DA3D4-57D6-4C35-A332-B65B91541D0B}.always|x64.Deploy.0 = Release|Any CPU
		{743DA3D4-57D6-4C35-A332-B65B91541D0B}.ci|Any CPU.ActiveCfg = Release|Any CPU
		{743DA3D4-57D6-4C35-A332-B65B91541D0B}.ci|Any CPU.Build.0 = Release|Any CPU
		{743DA3D4-57D6-4C35-A332-B65B91541D0B}.ci|Any CPU.Deploy.0 = Release|Any CPU
		{743DA3D4-57D6-4C35-A332-B65B91541D0B}.ci|x64.ActiveCfg = Release|Any CPU
		{743DA3D4-57D6-4C35-A332-B65B91541D0B}.ci|x64.Build.0 = Release|Any CPU
		{743DA3D4-57D6-4C35-A332-B65B91541D0B}.ci|x64.Deploy.0 = Release|Any CPU
		{743DA3D4-57D6-4C35-A332-B65B91541D0B}.Debug|Any CPU.ActiveCfg = Debug|Any CPU
		{743DA3D4-57D6-4C35-A332-B65B91541D0B}.Debug|Any CPU.Build.0 = Debug|Any CPU
		{743DA3D4-57D6-4C35-A332-B65B91541D0B}.Debug|Any CPU.Deploy.0 = Debug|Any CPU
		{743DA3D4-57D6-4C35-A332-B65B91541D0B}.Debug|x64.ActiveCfg = Debug|Any CPU
		{743DA3D4-57D6-4C35-A332-B65B91541D0B}.Debug|x64.Build.0 = Debug|Any CPU
		{743DA3D4-57D6-4C35-A332-B65B91541D0B}.Debug|x64.Deploy.0 = Debug|Any CPU
		{743DA3D4-57D6-4C35-A332-B65B91541D0B}.Release|Any CPU.ActiveCfg = Release|Any CPU
		{743DA3D4-57D6-4C35-A332-B65B91541D0B}.Release|Any CPU.Build.0 = Release|Any CPU
		{743DA3D4-57D6-4C35-A332-B65B91541D0B}.Release|Any CPU.Deploy.0 = Release|Any CPU
		{743DA3D4-57D6-4C35-A332-B65B91541D0B}.Release|x64.ActiveCfg = Release|Any CPU
		{743DA3D4-57D6-4C35-A332-B65B91541D0B}.Release|x64.Build.0 = Release|Any CPU
		{743DA3D4-57D6-4C35-A332-B65B91541D0B}.Release|x64.Deploy.0 = Release|Any CPU
		{4213C343-97B9-4488-8CDA-1FC35BF4A57E}.always|Any CPU.ActiveCfg = Release|Any CPU
		{4213C343-97B9-4488-8CDA-1FC35BF4A57E}.always|Any CPU.Build.0 = Release|Any CPU
		{4213C343-97B9-4488-8CDA-1FC35BF4A57E}.always|Any CPU.Deploy.0 = Release|Any CPU
		{4213C343-97B9-4488-8CDA-1FC35BF4A57E}.always|x64.ActiveCfg = Release|Any CPU
		{4213C343-97B9-4488-8CDA-1FC35BF4A57E}.always|x64.Build.0 = Release|Any CPU
		{4213C343-97B9-4488-8CDA-1FC35BF4A57E}.always|x64.Deploy.0 = Release|Any CPU
		{4213C343-97B9-4488-8CDA-1FC35BF4A57E}.ci|Any CPU.ActiveCfg = Release|Any CPU
		{4213C343-97B9-4488-8CDA-1FC35BF4A57E}.ci|Any CPU.Build.0 = Release|Any CPU
		{4213C343-97B9-4488-8CDA-1FC35BF4A57E}.ci|Any CPU.Deploy.0 = Release|Any CPU
		{4213C343-97B9-4488-8CDA-1FC35BF4A57E}.ci|x64.ActiveCfg = Release|Any CPU
		{4213C343-97B9-4488-8CDA-1FC35BF4A57E}.ci|x64.Build.0 = Release|Any CPU
		{4213C343-97B9-4488-8CDA-1FC35BF4A57E}.ci|x64.Deploy.0 = Release|Any CPU
		{4213C343-97B9-4488-8CDA-1FC35BF4A57E}.Debug|Any CPU.ActiveCfg = Debug|Any CPU
		{4213C343-97B9-4488-8CDA-1FC35BF4A57E}.Debug|Any CPU.Build.0 = Debug|Any CPU
		{4213C343-97B9-4488-8CDA-1FC35BF4A57E}.Debug|Any CPU.Deploy.0 = Debug|Any CPU
		{4213C343-97B9-4488-8CDA-1FC35BF4A57E}.Debug|x64.ActiveCfg = Debug|Any CPU
		{4213C343-97B9-4488-8CDA-1FC35BF4A57E}.Debug|x64.Build.0 = Debug|Any CPU
		{4213C343-97B9-4488-8CDA-1FC35BF4A57E}.Debug|x64.Deploy.0 = Debug|Any CPU
		{4213C343-97B9-4488-8CDA-1FC35BF4A57E}.Release|Any CPU.ActiveCfg = Release|Any CPU
		{4213C343-97B9-4488-8CDA-1FC35BF4A57E}.Release|Any CPU.Build.0 = Release|Any CPU
		{4213C343-97B9-4488-8CDA-1FC35BF4A57E}.Release|Any CPU.Deploy.0 = Release|Any CPU
		{4213C343-97B9-4488-8CDA-1FC35BF4A57E}.Release|x64.ActiveCfg = Release|Any CPU
		{4213C343-97B9-4488-8CDA-1FC35BF4A57E}.Release|x64.Build.0 = Release|Any CPU
		{4213C343-97B9-4488-8CDA-1FC35BF4A57E}.Release|x64.Deploy.0 = Release|Any CPU
		{96B9CC56-E414-47B8-8999-560218EA1E1A}.always|Any CPU.ActiveCfg = Release|Any CPU
		{96B9CC56-E414-47B8-8999-560218EA1E1A}.always|Any CPU.Build.0 = Release|Any CPU
		{96B9CC56-E414-47B8-8999-560218EA1E1A}.always|Any CPU.Deploy.0 = Release|Any CPU
		{96B9CC56-E414-47B8-8999-560218EA1E1A}.always|x64.ActiveCfg = Release|Any CPU
		{96B9CC56-E414-47B8-8999-560218EA1E1A}.always|x64.Build.0 = Release|Any CPU
		{96B9CC56-E414-47B8-8999-560218EA1E1A}.always|x64.Deploy.0 = Release|Any CPU
		{96B9CC56-E414-47B8-8999-560218EA1E1A}.ci|Any CPU.ActiveCfg = Release|Any CPU
		{96B9CC56-E414-47B8-8999-560218EA1E1A}.ci|Any CPU.Build.0 = Release|Any CPU
		{96B9CC56-E414-47B8-8999-560218EA1E1A}.ci|Any CPU.Deploy.0 = Release|Any CPU
		{96B9CC56-E414-47B8-8999-560218EA1E1A}.ci|x64.ActiveCfg = Release|Any CPU
		{96B9CC56-E414-47B8-8999-560218EA1E1A}.ci|x64.Build.0 = Release|Any CPU
		{96B9CC56-E414-47B8-8999-560218EA1E1A}.ci|x64.Deploy.0 = Release|Any CPU
		{96B9CC56-E414-47B8-8999-560218EA1E1A}.Debug|Any CPU.ActiveCfg = Debug|Any CPU
		{96B9CC56-E414-47B8-8999-560218EA1E1A}.Debug|Any CPU.Build.0 = Debug|Any CPU
		{96B9CC56-E414-47B8-8999-560218EA1E1A}.Debug|Any CPU.Deploy.0 = Debug|Any CPU
		{96B9CC56-E414-47B8-8999-560218EA1E1A}.Debug|x64.ActiveCfg = Debug|Any CPU
		{96B9CC56-E414-47B8-8999-560218EA1E1A}.Debug|x64.Build.0 = Debug|Any CPU
		{96B9CC56-E414-47B8-8999-560218EA1E1A}.Debug|x64.Deploy.0 = Debug|Any CPU
		{96B9CC56-E414-47B8-8999-560218EA1E1A}.Release|Any CPU.ActiveCfg = Release|Any CPU
		{96B9CC56-E414-47B8-8999-560218EA1E1A}.Release|Any CPU.Build.0 = Release|Any CPU
		{96B9CC56-E414-47B8-8999-560218EA1E1A}.Release|Any CPU.Deploy.0 = Release|Any CPU
		{96B9CC56-E414-47B8-8999-560218EA1E1A}.Release|x64.ActiveCfg = Release|Any CPU
		{96B9CC56-E414-47B8-8999-560218EA1E1A}.Release|x64.Build.0 = Release|Any CPU
		{96B9CC56-E414-47B8-8999-560218EA1E1A}.Release|x64.Deploy.0 = Release|Any CPU
	EndGlobalSection
	GlobalSection(SolutionProperties) = preSolution
		HideSolutionNode = FALSE
	EndGlobalSection
	GlobalSection(NestedProjects) = preSolution
		{577C5FED-466E-4DE8-ADA0-151749EEC9D2} = {6D5BCE3C-5018-45EA-A036-14BBDF145993}
		{6A768180-493C-4985-8615-80AC3EEED5CC} = {577C5FED-466E-4DE8-ADA0-151749EEC9D2}
		{1FFCDB0D-DA82-4A0A-A7CE-27B3531B80F0} = {27BC413C-7404-4C11-830C-0CEC7474CF42}
		{0EA9B4DD-9B2C-4339-B853-C3CEEFB0559D} = {1FFCDB0D-DA82-4A0A-A7CE-27B3531B80F0}
		{43CFB74C-5CA9-473A-9607-EEBBF20FBA07} = {27BC413C-7404-4C11-830C-0CEC7474CF42}
		{4AC38CF2-A8C0-4BED-AC8F-1C69FCB90B5A} = {43CFB74C-5CA9-473A-9607-EEBBF20FBA07}
		{7FEE065F-C309-4E41-A9DD-62F257BAC12E} = {6D5BCE3C-5018-45EA-A036-14BBDF145993}
		{743DA3D4-57D6-4C35-A332-B65B91541D0B} = {577C5FED-466E-4DE8-ADA0-151749EEC9D2}
		{4213C343-97B9-4488-8CDA-1FC35BF4A57E} = {7FEE065F-C309-4E41-A9DD-62F257BAC12E}
		{96B9CC56-E414-47B8-8999-560218EA1E1A} = {43CFB74C-5CA9-473A-9607-EEBBF20FBA07}
	EndGlobalSection
EndGlobal
